{
  "name": "oscar-api-gateway",
  "version": "1.0.0",
  "lockfileVersion": 1,
  "requires": true,
  "dependencies": {
    "swagger-ui-dist": {
      "version": "3.25.5",
      "resolved": "https://registry.npmjs.org/swagger-ui-dist/-/swagger-ui-dist-3.25.5.tgz",
      "integrity": "sha1-V6F8m0WFE3Cpp2wWWfIdTxSp89I="
    }
  }
}
